
Microsoft Visual Studio Solution File, Format Version 12.00
# Visual Studio Version 17
VisualStudioVersion = 17.14.36414.22
MinimumVisualStudioVersion = 10.0.40219.1
Project("{FAE04EC0-301F-11D3-BF4B-00C04F79EFBC}") = "IMS", "IMS.csproj", "{C1686159-C4CA-4C43-A13A-B565200CCEEB}"
EndProject
Project("{54435603-DBB4-11D2-8724-00A0C9A8B90C}") = "IMS Installer", "..\IMS Installer\IMS Installer.vdproj", "{3A055BA9-242F-8348-FA65-114380A0F14E}"
EndProject
Global
	GlobalSection(SolutionConfigurationPlatforms) = preSolution
		Debug|Any CPU = Debug|Any CPU
		Release|Any CPU = Release|Any CPU
	EndGlobalSection
	GlobalSection(ProjectConfigurationPlatforms) = postSolution
		{C1686159-C4CA-4C43-A13A-B565200CCEEB}.Debug|Any CPU.ActiveCfg = Debug|Any CPU
		{C1686159-C4CA-4C43-A13A-B565200CCEEB}.Debug|Any CPU.Build.0 = Debug|Any CPU
		{C1686159-C4CA-4C43-A13A-B565200CCEEB}.Release|Any CPU.ActiveCfg = Release|Any CPU
		{C1686159-C4CA-4C43-A13A-B565200CCEEB}.Release|Any CPU.Build.0 = Release|Any CPU
		{3A055BA9-242F-8348-FA65-114380A0F14E}.Debug|Any CPU.ActiveCfg = Debug
		{3A055BA9-242F-8348-FA65-114380A0F14E}.Release|Any CPU.ActiveCfg = Release
	EndGlobalSection
	GlobalSection(SolutionProperties) = preSolution
		HideSolutionNode = FALSE
	EndGlobalSection
	GlobalSection(ExtensibilityGlobals) = postSolution
		SolutionGuid = {0CB821F8-A2AB-490B-A938-290F38299187}
	EndGlobalSection
EndGlobal
